
Microsoft Visual Studio Solution File, Format Version 12.00
# Visual Studio Version 17
VisualStudioVersion = 17.3.32929.385
MinimumVisualStudioVersion = 10.0.40219.1
Project("{9A19103F-16F7-4668-BE54-9A1E7A4F7556}") = "TommAPI", "TommAPI\TommAPI.csproj", "{305F5062-3B10-454C-BDEE-80A783D6B01C}"
EndProject
Project("{9A19103F-16F7-4668-BE54-9A1E7A4F7556}") = "TommBLL", "TommBLL\TommBLL.csproj", "{D9BA8447-5A7E-4EB9-BE20-9E126E0C553D}"
EndProject
Project("{9A19103F-16F7-4668-BE54-9A1E7A4F7556}") = "TommDAL", "TOMMDAL\TommDAL.csproj", "{7F138EE7-1EF1-47BE-8CB3-E82F64712375}"
EndProject
Global
	GlobalSection(SolutionConfigurationPlatforms) = preSolution
		Debug|Any CPU = Debug|Any CPU
		Release|Any CPU = Release|Any CPU
	EndGlobalSection
	GlobalSection(ProjectConfigurationPlatforms) = postSolution
		{305F5062-3B10-454C-BDEE-80A783D6B01C}.Debug|Any CPU.ActiveCfg = Debug|Any CPU
		{305F5062-3B10-454C-BDEE-80A783D6B01C}.Debug|Any CPU.Build.0 = Debug|Any CPU
		{305F5062-3B10-454C-BDEE-80A783D6B01C}.Release|Any CPU.ActiveCfg = Release|Any CPU
		{305F5062-3B10-454C-BDEE-80A783D6B01C}.Release|Any CPU.Build.0 = Release|Any CPU
		{D9BA8447-5A7E-4EB9-BE20-9E126E0C553D}.Debug|Any CPU.ActiveCfg = Debug|Any CPU
		{D9BA8447-5A7E-4EB9-BE20-9E126E0C553D}.Debug|Any CPU.Build.0 = Debug|Any CPU
		{D9BA8447-5A7E-4EB9-BE20-9E126E0C553D}.Release|Any CPU.ActiveCfg = Release|Any CPU
		{D9BA8447-5A7E-4EB9-BE20-9E126E0C553D}.Release|Any CPU.Build.0 = Release|Any CPU
		{7F138EE7-1EF1-47BE-8CB3-E82F64712375}.Debug|Any CPU.ActiveCfg = Debug|Any CPU
		{7F138EE7-1EF1-47BE-8CB3-E82F64712375}.Debug|Any CPU.Build.0 = Debug|Any CPU
		{7F138EE7-1EF1-47BE-8CB3-E82F64712375}.Release|Any CPU.ActiveCfg = Release|Any CPU
		{7F138EE7-1EF1-47BE-8CB3-E82F64712375}.Release|Any CPU.Build.0 = Release|Any CPU
	EndGlobalSection
	GlobalSection(SolutionProperties) = preSolution
		HideSolutionNode = FALSE
	EndGlobalSection
	GlobalSection(ExtensibilityGlobals) = postSolution
		SolutionGuid = {55EACF6F-A2EB-431E-8209-6A50812E5D7A}
	EndGlobalSection
EndGlobal
